
Microsoft Visual Studio Solution File, Format Version 12.00
# Visual Studio Version 16
VisualStudioVersion = 16.0.30804.86
MinimumVisualStudioVersion = 10.0.40219.1
Project("{9A19103F-16F7-4668-BE54-9A1E7A4F7556}") = "NetBarcode", "NetBarcode\NetBarcode.csproj", "{B087E675-F31D-4324-92A3-FA26681D8F81}"
EndProject
Project("{FAE04EC0-301F-11D3-BF4B-00C04F79EFBC}") = "NetBarcode.Tests", "NetBarcode.Tests\NetBarcode.Tests.csproj", "{F658A30E-FAD8-4420-A1EE-E1EFF2DC8A23}"
EndProject
Global
	GlobalSection(SolutionConfigurationPlatforms) = preSolution
		Debug|Any CPU = Debug|Any CPU
		Release|Any CPU = Release|Any CPU
	EndGlobalSection
	GlobalSection(ProjectConfigurationPlatforms) = postSolution
		{B087E675-F31D-4324-92A3-FA26681D8F81}.Debug|Any CPU.ActiveCfg = Debug|Any CPU
		{B087E675-F31D-4324-92A3-FA26681D8F81}.Debug|Any CPU.Build.0 = Debug|Any CPU
		{B087E675-F31D-4324-92A3-FA26681D8F81}.Release|Any CPU.ActiveCfg = Release|Any CPU
		{B087E675-F31D-4324-92A3-FA26681D8F81}.Release|Any CPU.Build.0 = Release|Any CPU
		{F658A30E-FAD8-4420-A1EE-E1EFF2DC8A23}.Debug|Any CPU.ActiveCfg = Debug|Any CPU
		{F658A30E-FAD8-4420-A1EE-E1EFF2DC8A23}.Debug|Any CPU.Build.0 = Debug|Any CPU
		{F658A30E-FAD8-4420-A1EE-E1EFF2DC8A23}.Release|Any CPU.ActiveCfg = Release|Any CPU
		{F658A30E-FAD8-4420-A1EE-E1EFF2DC8A23}.Release|Any CPU.Build.0 = Release|Any CPU
	EndGlobalSection
	GlobalSection(SolutionProperties) = preSolution
		HideSolutionNode = FALSE
	EndGlobalSection
	GlobalSection(ExtensibilityGlobals) = postSolution
		SolutionGuid = {3FEDC4DB-411E-41B8-B8C6-D57938C4C3C1}
	EndGlobalSection
EndGlobal
